{
  "lockfileVersion": 1,
  "workspaces": {
    "": {
      "dependencies": {
        "@hono/node-server": "1.13.8",
        "hono": "4.6.16",
      },
    },
  },
  "packages": {
    "@hono/node-server": ["@hono/node-server@1.13.8", "", { "peerDependencies": { "hono": "^4" } }, "sha512-fsn8ucecsAXUoVxrUil0m13kOEq4mkX4/4QozCqmY+HpGfKl74OYSn8JcMA8GnG0ClfdRI4/ZSeG7zhFaVg+wg=="],

    "hono": ["hono@4.6.16", "", {}, "sha512-iE6xOPwDYlfnZFwk6BfIMMIH4WZm3pPhz6rc1uJM/OPew0pjG5K6p8WTLaMBY1/szF/T0TaEjprMpwn16BA0NQ=="],
  }
}
