{
  "lockfileVersion": 1,
  "workspaces": {
    "": {
      "dependencies": {
        "@hono/node-server": "1.14.0",
        "hono": "4.7.5",
      },
    },
  },
  "packages": {
    "@hono/node-server": ["@hono/node-server@1.14.0", "", { "peerDependencies": { "hono": "^4" } }, "sha512-YUCxJwgHRKSqjrdTk9e4VMGKN27MK5r4+MGPyZTgKH+IYbK+KtYbHeOcPGJ91KGGD6RIQiz2dAHxvjauNhOS8g=="],

    "hono": ["hono@4.7.5", "", {}, "sha512-fDOK5W2C1vZACsgLONigdZTRZxuBqFtcKh7bUQ5cVSbwI2RWjloJDcgFOVzbQrlI6pCmhlTsVYZ7zpLj4m4qMQ=="],
  }
}
